// !$*UTF8*$!
{
	archiveVersion = 1;
	classes = {
	};
	objectVersion = 50;
	objects = {

/* Begin PBXBuildFile section */
		A9018FA2243606870093753A /* FeedViewController.swift in Sources */ = {isa = PBXBuildFile; fileRef = A9018FA1243606870093753A /* FeedViewController.swift */; };
		A9018FA52436070A0093753A /* RedditEntryTableViewCell.swift in Sources */ = {isa = PBXBuildFile; fileRef = A9018FA32436070A0093753A /* RedditEntryTableViewCell.swift */; };
		A9018FA62436070A0093753A /* RedditEntryTableViewCell.xib in Resources */ = {isa = PBXBuildFile; fileRef = A9018FA42436070A0093753A /* RedditEntryTableViewCell.xib */; };
		A9018FA82436141A0093753A /* RedditEntryViewModel.swift in Sources */ = {isa = PBXBuildFile; fileRef = A9018FA72436141A0093753A /* RedditEntryViewModel.swift */; };
		A9018FAA2436146F0093753A /* Formatters.swift in Sources */ = {isa = PBXBuildFile; fileRef = A9018FA92436146F0093753A /* Formatters.swift */; };
		A9018FAE24361DE50093753A /* UITableView+Extensions.swift in Sources */ = {isa = PBXBuildFile; fileRef = A9018FAD24361DE50093753A /* UITableView+Extensions.swift */; };
		A9018FB324361E400093753A /* Date+Extensions.swift in Sources */ = {isa = PBXBuildFile; fileRef = A9018FB224361E400093753A /* Date+Extensions.swift */; };
		A99021E62435C9AF0031D162 /* AppDelegate.swift in Sources */ = {isa = PBXBuildFile; fileRef = A99021E52435C9AF0031D162 /* AppDelegate.swift */; };
		A99021E82435C9AF0031D162 /* SceneDelegate.swift in Sources */ = {isa = PBXBuildFile; fileRef = A99021E72435C9AF0031D162 /* SceneDelegate.swift */; };
		A99021ED2435C9AF0031D162 /* Main.storyboard in Resources */ = {isa = PBXBuildFile; fileRef = A99021EB2435C9AF0031D162 /* Main.storyboard */; };
		A99021F02435C9AF0031D162 /* Reddit.xcdatamodeld in Sources */ = {isa = PBXBuildFile; fileRef = A99021EE2435C9AF0031D162 /* Reddit.xcdatamodeld */; };
		A99021F22435C9B10031D162 /* Assets.xcassets in Resources */ = {isa = PBXBuildFile; fileRef = A99021F12435C9B10031D162 /* Assets.xcassets */; };
		A99021F52435C9B10031D162 /* LaunchScreen.storyboard in Resources */ = {isa = PBXBuildFile; fileRef = A99021F32435C9B10031D162 /* LaunchScreen.storyboard */; };
		A99022002435C9B10031D162 /* RedditTests.swift in Sources */ = {isa = PBXBuildFile; fileRef = A99021FF2435C9B10031D162 /* RedditTests.swift */; };
		A99022122435CB1B0031D162 /* RedditEntry.swift in Sources */ = {isa = PBXBuildFile; fileRef = A99022112435CB1B0031D162 /* RedditEntry.swift */; };
		A99022142435CF620031D162 /* NetworkService.swift in Sources */ = {isa = PBXBuildFile; fileRef = A99022132435CF620031D162 /* NetworkService.swift */; };
		A99022162435E80F0031D162 /* RedditPage.swift in Sources */ = {isa = PBXBuildFile; fileRef = A99022152435E80F0031D162 /* RedditPage.swift */; };
		A99022182435EF1A0031D162 /* Mappers.swift in Sources */ = {isa = PBXBuildFile; fileRef = A99022172435EF1A0031D162 /* Mappers.swift */; };
		A990221F2435F2100031D162 /* RedditEntryMO.swift in Sources */ = {isa = PBXBuildFile; fileRef = A990221B2435F2100031D162 /* RedditEntryMO.swift */; };
		A99022202435F2100031D162 /* RedditPageMO.swift in Sources */ = {isa = PBXBuildFile; fileRef = A990221C2435F2100031D162 /* RedditPageMO.swift */; };
		A9DF874624370916004E415E /* FeedPresenter.swift in Sources */ = {isa = PBXBuildFile; fileRef = A9DF874524370916004E415E /* FeedPresenter.swift */; };
		A9DF874824370C26004E415E /* FeedProvider.swift in Sources */ = {isa = PBXBuildFile; fileRef = A9DF874724370C26004E415E /* FeedProvider.swift */; };
		A9DF874B2437166D004E415E /* Dependencies.swift in Sources */ = {isa = PBXBuildFile; fileRef = A9DF874A2437166D004E415E /* Dependencies.swift */; };
/* End PBXBuildFile section */

/* Begin PBXContainerItemProxy section */
		A99021FC2435C9B10031D162 /* PBXContainerItemProxy */ = {
			isa = PBXContainerItemProxy;
			containerPortal = A99021DA2435C9AE0031D162 /* Project object */;
			proxyType = 1;
			remoteGlobalIDString = A99021E12435C9AF0031D162;
			remoteInfo = Reddit;
		};
/* End PBXContainerItemProxy section */

/* Begin PBXFileReference section */
		A9018FA1243606870093753A /* FeedViewController.swift */ = {isa = PBXFileReference; lastKnownFileType = sourcecode.swift; path = FeedViewController.swift; sourceTree = "<group>"; };
		A9018FA32436070A0093753A /* RedditEntryTableViewCell.swift */ = {isa = PBXFileReference; lastKnownFileType = sourcecode.swift; path = RedditEntryTableViewCell.swift; sourceTree = "<group>"; };
		A9018FA42436070A0093753A /* RedditEntryTableViewCell.xib */ = {isa = PBXFileReference; lastKnownFileType = file.xib; path = RedditEntryTableViewCell.xib; sourceTree = "<group>"; };
		A9018FA72436141A0093753A /* RedditEntryViewModel.swift */ = {isa = PBXFileReference; lastKnownFileType = sourcecode.swift; path = RedditEntryViewModel.swift; sourceTree = "<group>"; };
		A9018FA92436146F0093753A /* Formatters.swift */ = {isa = PBXFileReference; lastKnownFileType = sourcecode.swift; path = Formatters.swift; sourceTree = "<group>"; };
		A9018FAD24361DE50093753A /* UITableView+Extensions.swift */ = {isa = PBXFileReference; lastKnownFileType = sourcecode.swift; path = "UITableView+Extensions.swift"; sourceTree = "<group>"; };
		A9018FB224361E400093753A /* Date+Extensions.swift */ = {isa = PBXFileReference; lastKnownFileType = sourcecode.swift; path = "Date+Extensions.swift"; sourceTree = "<group>"; };
		A99021E22435C9AF0031D162 /* Reddit.app */ = {isa = PBXFileReference; explicitFileType = wrapper.application; includeInIndex = 0; path = Reddit.app; sourceTree = BUILT_PRODUCTS_DIR; };
		A99021E52435C9AF0031D162 /* AppDelegate.swift */ = {isa = PBXFileReference; lastKnownFileType = sourcecode.swift; path = AppDelegate.swift; sourceTree = "<group>"; };
		A99021E72435C9AF0031D162 /* SceneDelegate.swift */ = {isa = PBXFileReference; lastKnownFileType = sourcecode.swift; path = SceneDelegate.swift; sourceTree = "<group>"; };
		A99021EC2435C9AF0031D162 /* Base */ = {isa = PBXFileReference; lastKnownFileType = file.storyboard; name = Base; path = Base.lproj/Main.storyboard; sourceTree = "<group>"; };
		A99021EF2435C9AF0031D162 /* Reddit.xcdatamodel */ = {isa = PBXFileReference; lastKnownFileType = wrapper.xcdatamodel; path = Reddit.xcdatamodel; sourceTree = "<group>"; };
		A99021F12435C9B10031D162 /* Assets.xcassets */ = {isa = PBXFileReference; lastKnownFileType = folder.assetcatalog; path = Assets.xcassets; sourceTree = "<group>"; };
		A99021F42435C9B10031D162 /* Base */ = {isa = PBXFileReference; lastKnownFileType = file.storyboard; name = Base; path = Base.lproj/LaunchScreen.storyboard; sourceTree = "<group>"; };
		A99021F62435C9B10031D162 /* Info.plist */ = {isa = PBXFileReference; lastKnownFileType = text.plist.xml; path = Info.plist; sourceTree = "<group>"; };
		A99021FB2435C9B10031D162 /* RedditTests.xctest */ = {isa = PBXFileReference; explicitFileType = wrapper.cfbundle; includeInIndex = 0; path = RedditTests.xctest; sourceTree = BUILT_PRODUCTS_DIR; };
		A99021FF2435C9B10031D162 /* RedditTests.swift */ = {isa = PBXFileReference; lastKnownFileType = sourcecode.swift; path = RedditTests.swift; sourceTree = "<group>"; };
		A99022012435C9B10031D162 /* Info.plist */ = {isa = PBXFileReference; lastKnownFileType = text.plist.xml; path = Info.plist; sourceTree = "<group>"; };
		A99022112435CB1B0031D162 /* RedditEntry.swift */ = {isa = PBXFileReference; lastKnownFileType = sourcecode.swift; path = RedditEntry.swift; sourceTree = "<group>"; };
		A99022132435CF620031D162 /* NetworkService.swift */ = {isa = PBXFileReference; lastKnownFileType = sourcecode.swift; path = NetworkService.swift; sourceTree = "<group>"; };
		A99022152435E80F0031D162 /* RedditPage.swift */ = {isa = PBXFileReference; lastKnownFileType = sourcecode.swift; path = RedditPage.swift; sourceTree = "<group>"; };
		A99022172435EF1A0031D162 /* Mappers.swift */ = {isa = PBXFileReference; lastKnownFileType = sourcecode.swift; path = Mappers.swift; sourceTree = "<group>"; };
		A990221B2435F2100031D162 /* RedditEntryMO.swift */ = {isa = PBXFileReference; fileEncoding = 4; lastKnownFileType = sourcecode.swift; path = RedditEntryMO.swift; sourceTree = "<group>"; };
		A990221C2435F2100031D162 /* RedditPageMO.swift */ = {isa = PBXFileReference; fileEncoding = 4; lastKnownFileType = sourcecode.swift; path = RedditPageMO.swift; sourceTree = "<group>"; };
		A9DF874524370916004E415E /* FeedPresenter.swift */ = {isa = PBXFileReference; lastKnownFileType = sourcecode.swift; path = FeedPresenter.swift; sourceTree = "<group>"; };
		A9DF874724370C26004E415E /* FeedProvider.swift */ = {isa = PBXFileReference; lastKnownFileType = sourcecode.swift; path = FeedProvider.swift; sourceTree = "<group>"; };
		A9DF874A2437166D004E415E /* Dependencies.swift */ = {isa = PBXFileReference; lastKnownFileType = sourcecode.swift; path = Dependencies.swift; sourceTree = "<group>"; };
/* End PBXFileReference section */

/* Begin PBXFrameworksBuildPhase section */
		A99021DF2435C9AF0031D162 /* Frameworks */ = {
			isa = PBXFrameworksBuildPhase;
			buildActionMask = 2147483647;
			files = (
			);
			runOnlyForDeploymentPostprocessing = 0;
		};
		A99021F82435C9B10031D162 /* Frameworks */ = {
			isa = PBXFrameworksBuildPhase;
			buildActionMask = 2147483647;
			files = (
			);
			runOnlyForDeploymentPostprocessing = 0;
		};
/* End PBXFrameworksBuildPhase section */

/* Begin PBXGroup section */
		A9018FAC24361DC00093753A /* Helpers */ = {
			isa = PBXGroup;
			children = (
				A9018FAD24361DE50093753A /* UITableView+Extensions.swift */,
			);
			path = Helpers;
			sourceTree = "<group>";
		};
		A9018FB124361E2F0093753A /* Helpers */ = {
			isa = PBXGroup;
			children = (
				A9018FB224361E400093753A /* Date+Extensions.swift */,
			);
			path = Helpers;
			sourceTree = "<group>";
		};
		A99021D92435C9AE0031D162 = {
			isa = PBXGroup;
			children = (
				A99021E42435C9AF0031D162 /* Reddit */,
				A99021FE2435C9B10031D162 /* RedditTests */,
				A99021E32435C9AF0031D162 /* Products */,
			);
			sourceTree = "<group>";
		};
		A99021E32435C9AF0031D162 /* Products */ = {
			isa = PBXGroup;
			children = (
				A99021E22435C9AF0031D162 /* Reddit.app */,
				A99021FB2435C9B10031D162 /* RedditTests.xctest */,
			);
			name = Products;
			sourceTree = "<group>";
		};
		A99021E42435C9AF0031D162 /* Reddit */ = {
			isa = PBXGroup;
			children = (
				A990220F2435CA730031D162 /* Application */,
				A990220E2435CA630031D162 /* Business Logic */,
				A990220C2435C9FE0031D162 /* Presentation */,
				A990220B2435C9D70031D162 /* Resources */,
				A990220D2435CA420031D162 /* Services */,
				A990220A2435C9BC0031D162 /* Storage */,
			);
			path = Reddit;
			sourceTree = "<group>";
		};
		A99021FE2435C9B10031D162 /* RedditTests */ = {
			isa = PBXGroup;
			children = (
				A99021FF2435C9B10031D162 /* RedditTests.swift */,
				A99022012435C9B10031D162 /* Info.plist */,
			);
			path = RedditTests;
			sourceTree = "<group>";
		};
		A990220A2435C9BC0031D162 /* Storage */ = {
			isa = PBXGroup;
			children = (
				A990221B2435F2100031D162 /* RedditEntryMO.swift */,
				A990221C2435F2100031D162 /* RedditPageMO.swift */,
				A99021EE2435C9AF0031D162 /* Reddit.xcdatamodeld */,
				A99022172435EF1A0031D162 /* Mappers.swift */,
			);
			path = Storage;
			sourceTree = "<group>";
		};
		A990220B2435C9D70031D162 /* Resources */ = {
			isa = PBXGroup;
			children = (
				A99021F12435C9B10031D162 /* Assets.xcassets */,
				A99021F62435C9B10031D162 /* Info.plist */,
			);
			path = Resources;
			sourceTree = "<group>";
		};
		A990220C2435C9FE0031D162 /* Presentation */ = {
			isa = PBXGroup;
			children = (
				A9018FAC24361DC00093753A /* Helpers */,
				A9018FA1243606870093753A /* FeedViewController.swift */,
				A9DF874524370916004E415E /* FeedPresenter.swift */,
				A9018FA92436146F0093753A /* Formatters.swift */,
				A99021F32435C9B10031D162 /* LaunchScreen.storyboard */,
				A99021EB2435C9AF0031D162 /* Main.storyboard */,
				A9018FA32436070A0093753A /* RedditEntryTableViewCell.swift */,
				A9018FA42436070A0093753A /* RedditEntryTableViewCell.xib */,
				A9018FA72436141A0093753A /* RedditEntryViewModel.swift */,
			);
			path = Presentation;
			sourceTree = "<group>";
		};
		A990220D2435CA420031D162 /* Services */ = {
			isa = PBXGroup;
			children = (
				A99022132435CF620031D162 /* NetworkService.swift */,
			);
			path = Services;
			sourceTree = "<group>";
		};
		A990220E2435CA630031D162 /* Business Logic */ = {
			isa = PBXGroup;
			children = (
				A9018FB124361E2F0093753A /* Helpers */,
				A99022112435CB1B0031D162 /* RedditEntry.swift */,
				A99022152435E80F0031D162 /* RedditPage.swift */,
				A9DF874724370C26004E415E /* FeedProvider.swift */,
			);
			path = "Business Logic";
			sourceTree = "<group>";
		};
		A990220F2435CA730031D162 /* Application */ = {
			isa = PBXGroup;
			children = (
				A99021E52435C9AF0031D162 /* AppDelegate.swift */,
				A99021E72435C9AF0031D162 /* SceneDelegate.swift */,
				A9DF874A2437166D004E415E /* Dependencies.swift */,
			);
			path = Application;
			sourceTree = "<group>";
		};
/* End PBXGroup section */

/* Begin PBXNativeTarget section */
		A99021E12435C9AF0031D162 /* Reddit */ = {
			isa = PBXNativeTarget;
			buildConfigurationList = A99022042435C9B10031D162 /* Build configuration list for PBXNativeTarget "Reddit" */;
			buildPhases = (
				A99021DE2435C9AF0031D162 /* Sources */,
				A99021DF2435C9AF0031D162 /* Frameworks */,
				A99021E02435C9AF0031D162 /* Resources */,
			);
			buildRules = (
			);
			dependencies = (
			);
			name = Reddit;
			productName = Reddit;
			productReference = A99021E22435C9AF0031D162 /* Reddit.app */;
			productType = "com.apple.product-type.application";
		};
		A99021FA2435C9B10031D162 /* RedditTests */ = {
			isa = PBXNativeTarget;
			buildConfigurationList = A99022072435C9B10031D162 /* Build configuration list for PBXNativeTarget "RedditTests" */;
			buildPhases = (
				A99021F72435C9B10031D162 /* Sources */,
				A99021F82435C9B10031D162 /* Frameworks */,
				A99021F92435C9B10031D162 /* Resources */,
			);
			buildRules = (
			);
			dependencies = (
				A99021FD2435C9B10031D162 /* PBXTargetDependency */,
			);
			name = RedditTests;
			productName = RedditTests;
			productReference = A99021FB2435C9B10031D162 /* RedditTests.xctest */;
			productType = "com.apple.product-type.bundle.unit-test";
		};
/* End PBXNativeTarget section */

/* Begin PBXProject section */
		A99021DA2435C9AE0031D162 /* Project object */ = {
			isa = PBXProject;
			attributes = {
				LastSwiftUpdateCheck = 1130;
				LastUpgradeCheck = 1130;
				ORGANIZATIONNAME = "Oleksii Huralnyk";
				TargetAttributes = {
					A99021E12435C9AF0031D162 = {
						CreatedOnToolsVersion = 11.3.1;
					};
					A99021FA2435C9B10031D162 = {
						CreatedOnToolsVersion = 11.3.1;
						TestTargetID = A99021E12435C9AF0031D162;
					};
				};
			};
			buildConfigurationList = A99021DD2435C9AE0031D162 /* Build configuration list for PBXProject "Reddit" */;
			compatibilityVersion = "Xcode 9.3";
			developmentRegion = en;
			hasScannedForEncodings = 0;
			knownRegions = (
				en,
				Base,
			);
			mainGroup = A99021D92435C9AE0031D162;
			productRefGroup = A99021E32435C9AF0031D162 /* Products */;
			projectDirPath = "";
			projectRoot = "";
			targets = (
				A99021E12435C9AF0031D162 /* Reddit */,
				A99021FA2435C9B10031D162 /* RedditTests */,
			);
		};
/* End PBXProject section */

/* Begin PBXResourcesBuildPhase section */
		A99021E02435C9AF0031D162 /* Resources */ = {
			isa = PBXResourcesBuildPhase;
			buildActionMask = 2147483647;
			files = (
				A99021F52435C9B10031D162 /* LaunchScreen.storyboard in Resources */,
				A99021F22435C9B10031D162 /* Assets.xcassets in Resources */,
				A9018FA62436070A0093753A /* RedditEntryTableViewCell.xib in Resources */,
				A99021ED2435C9AF0031D162 /* Main.storyboard in Resources */,
			);
			runOnlyForDeploymentPostprocessing = 0;
		};
		A99021F92435C9B10031D162 /* Resources */ = {
			isa = PBXResourcesBuildPhase;
			buildActionMask = 2147483647;
			files = (
			);
			runOnlyForDeploymentPostprocessing = 0;
		};
/* End PBXResourcesBuildPhase section */

/* Begin PBXSourcesBuildPhase section */
		A99021DE2435C9AF0031D162 /* Sources */ = {
			isa = PBXSourcesBuildPhase;
			buildActionMask = 2147483647;
			files = (
				A990221F2435F2100031D162 /* RedditEntryMO.swift in Sources */,
				A9018FAE24361DE50093753A /* UITableView+Extensions.swift in Sources */,
				A9018FAA2436146F0093753A /* Formatters.swift in Sources */,
				A99022142435CF620031D162 /* NetworkService.swift in Sources */,
				A9018FA2243606870093753A /* FeedViewController.swift in Sources */,
				A9018FA82436141A0093753A /* RedditEntryViewModel.swift in Sources */,
				A99021E62435C9AF0031D162 /* AppDelegate.swift in Sources */,
				A99022182435EF1A0031D162 /* Mappers.swift in Sources */,
				A9DF874824370C26004E415E /* FeedProvider.swift in Sources */,
				A9018FB324361E400093753A /* Date+Extensions.swift in Sources */,
				A99022162435E80F0031D162 /* RedditPage.swift in Sources */,
				A9DF874624370916004E415E /* FeedPresenter.swift in Sources */,
				A9DF874B2437166D004E415E /* Dependencies.swift in Sources */,
				A9018FA52436070A0093753A /* RedditEntryTableViewCell.swift in Sources */,
				A99021E82435C9AF0031D162 /* SceneDelegate.swift in Sources */,
				A99022122435CB1B0031D162 /* RedditEntry.swift in Sources */,
				A99022202435F2100031D162 /* RedditPageMO.swift in Sources */,
				A99021F02435C9AF0031D162 /* Reddit.xcdatamodeld in Sources */,
			);
			runOnlyForDeploymentPostprocessing = 0;
		};
		A99021F72435C9B10031D162 /* Sources */ = {
			isa = PBXSourcesBuildPhase;
			buildActionMask = 2147483647;
			files = (
				A99022002435C9B10031D162 /* RedditTests.swift in Sources */,
			);
			runOnlyForDeploymentPostprocessing = 0;
		};
/* End PBXSourcesBuildPhase section */

/* Begin PBXTargetDependency section */
		A99021FD2435C9B10031D162 /* PBXTargetDependency */ = {
			isa = PBXTargetDependency;
			target = A99021E12435C9AF0031D162 /* Reddit */;
			targetProxy = A99021FC2435C9B10031D162 /* PBXContainerItemProxy */;
		};
/* End PBXTargetDependency section */

/* Begin PBXVariantGroup section */
		A99021EB2435C9AF0031D162 /* Main.storyboard */ = {
			isa = PBXVariantGroup;
			children = (
				A99021EC2435C9AF0031D162 /* Base */,
			);
			name = Main.storyboard;
			sourceTree = "<group>";
		};
		A99021F32435C9B10031D162 /* LaunchScreen.storyboard */ = {
			isa = PBXVariantGroup;
			children = (
				A99021F42435C9B10031D162 /* Base */,
			);
			name = LaunchScreen.storyboard;
			sourceTree = "<group>";
		};
/* End PBXVariantGroup section */

/* Begin XCBuildConfiguration section */
		A99022022435C9B10031D162 /* Debug */ = {
			isa = XCBuildConfiguration;
			buildSettings = {
				ALWAYS_SEARCH_USER_PATHS = NO;
				CLANG_ANALYZER_NONNULL = YES;
				CLANG_ANALYZER_NUMBER_OBJECT_CONVERSION = YES_AGGRESSIVE;
				CLANG_CXX_LANGUAGE_STANDARD = "gnu++14";
				CLANG_CXX_LIBRARY = "libc++";
				CLANG_ENABLE_MODULES = YES;
				CLANG_ENABLE_OBJC_ARC = YES;
				CLANG_ENABLE_OBJC_WEAK = YES;
				CLANG_WARN_BLOCK_CAPTURE_AUTORELEASING = YES;
				CLANG_WARN_BOOL_CONVERSION = YES;
				CLANG_WARN_COMMA = YES;
				CLANG_WARN_CONSTANT_CONVERSION = YES;
				CLANG_WARN_DEPRECATED_OBJC_IMPLEMENTATIONS = YES;
				CLANG_WARN_DIRECT_OBJC_ISA_USAGE = YES_ERROR;
				CLANG_WARN_DOCUMENTATION_COMMENTS = YES;
				CLANG_WARN_EMPTY_BODY = YES;
				CLANG_WARN_ENUM_CONVERSION = YES;
				CLANG_WARN_INFINITE_RECURSION = YES;
				CLANG_WARN_INT_CONVERSION = YES;
				CLANG_WARN_NON_LITERAL_NULL_CONVERSION = YES;
				CLANG_WARN_OBJC_IMPLICIT_RETAIN_SELF = YES;
				CLANG_WARN_OBJC_LITERAL_CONVERSION = YES;
				CLANG_WARN_OBJC_ROOT_CLASS = YES_ERROR;
				CLANG_WARN_RANGE_LOOP_ANALYSIS = YES;
				CLANG_WARN_STRICT_PROTOTYPES = YES;
				CLANG_WARN_SUSPICIOUS_MOVE = YES;
				CLANG_WARN_UNGUARDED_AVAILABILITY = YES_AGGRESSIVE;
				CLANG_WARN_UNREACHABLE_CODE = YES;
				CLANG_WARN__DUPLICATE_METHOD_MATCH = YES;
				COPY_PHASE_STRIP = NO;
				DEBUG_INFORMATION_FORMAT = dwarf;
				ENABLE_STRICT_OBJC_MSGSEND = YES;
				ENABLE_TESTABILITY = YES;
				GCC_C_LANGUAGE_STANDARD = gnu11;
				GCC_DYNAMIC_NO_PIC = NO;
				GCC_NO_COMMON_BLOCKS = YES;
				GCC_OPTIMIZATION_LEVEL = 0;
				GCC_PREPROCESSOR_DEFINITIONS = (
					"DEBUG=1",
					"$(inherited)",
				);
				GCC_WARN_64_TO_32_BIT_CONVERSION = YES;
				GCC_WARN_ABOUT_RETURN_TYPE = YES_ERROR;
				GCC_WARN_UNDECLARED_SELECTOR = YES;
				GCC_WARN_UNINITIALIZED_AUTOS = YES_AGGRESSIVE;
				GCC_WARN_UNUSED_FUNCTION = YES;
				GCC_WARN_UNUSED_VARIABLE = YES;
				IPHONEOS_DEPLOYMENT_TARGET = 13.2;
				MTL_ENABLE_DEBUG_INFO = INCLUDE_SOURCE;
				MTL_FAST_MATH = YES;
				ONLY_ACTIVE_ARCH = YES;
				SDKROOT = iphoneos;
				SWIFT_ACTIVE_COMPILATION_CONDITIONS = DEBUG;
				SWIFT_OPTIMIZATION_LEVEL = "-Onone";
			};
			name = Debug;
		};
		A99022032435C9B10031D162 /* Release */ = {
			isa = XCBuildConfiguration;
			buildSettings = {
				ALWAYS_SEARCH_USER_PATHS = NO;
				CLANG_ANALYZER_NONNULL = YES;
				CLANG_ANALYZER_NUMBER_OBJECT_CONVERSION = YES_AGGRESSIVE;
				CLANG_CXX_LANGUAGE_STANDARD = "gnu++14";
				CLANG_CXX_LIBRARY = "libc++";
				CLANG_ENABLE_MODULES = YES;
				CLANG_ENABLE_OBJC_ARC = YES;
				CLANG_ENABLE_OBJC_WEAK = YES;
				CLANG_WARN_BLOCK_CAPTURE_AUTORELEASING = YES;
				CLANG_WARN_BOOL_CONVERSION = YES;
				CLANG_WARN_COMMA = YES;
				CLANG_WARN_CONSTANT_CONVERSION = YES;
				CLANG_WARN_DEPRECATED_OBJC_IMPLEMENTATIONS = YES;
				CLANG_WARN_DIRECT_OBJC_ISA_USAGE = YES_ERROR;
				CLANG_WARN_DOCUMENTATION_COMMENTS = YES;
				CLANG_WARN_EMPTY_BODY = YES;
				CLANG_WARN_ENUM_CONVERSION = YES;
				CLANG_WARN_INFINITE_RECURSION = YES;
				CLANG_WARN_INT_CONVERSION = YES;
				CLANG_WARN_NON_LITERAL_NULL_CONVERSION = YES;
				CLANG_WARN_OBJC_IMPLICIT_RETAIN_SELF = YES;
				CLANG_WARN_OBJC_LITERAL_CONVERSION = YES;
				CLANG_WARN_OBJC_ROOT_CLASS = YES_ERROR;
				CLANG_WARN_RANGE_LOOP_ANALYSIS = YES;
				CLANG_WARN_STRICT_PROTOTYPES = YES;
				CLANG_WARN_SUSPICIOUS_MOVE = YES;
				CLANG_WARN_UNGUARDED_AVAILABILITY = YES_AGGRESSIVE;
				CLANG_WARN_UNREACHABLE_CODE = YES;
				CLANG_WARN__DUPLICATE_METHOD_MATCH = YES;
				COPY_PHASE_STRIP = NO;
				DEBUG_INFORMATION_FORMAT = "dwarf-with-dsym";
				ENABLE_NS_ASSERTIONS = NO;
				ENABLE_STRICT_OBJC_MSGSEND = YES;
				GCC_C_LANGUAGE_STANDARD = gnu11;
				GCC_NO_COMMON_BLOCKS = YES;
				GCC_WARN_64_TO_32_BIT_CONVERSION = YES;
				GCC_WARN_ABOUT_RETURN_TYPE = YES_ERROR;
				GCC_WARN_UNDECLARED_SELECTOR = YES;
				GCC_WARN_UNINITIALIZED_AUTOS = YES_AGGRESSIVE;
				GCC_WARN_UNUSED_FUNCTION = YES;
				GCC_WARN_UNUSED_VARIABLE = YES;
				IPHONEOS_DEPLOYMENT_TARGET = 13.2;
				MTL_ENABLE_DEBUG_INFO = NO;
				MTL_FAST_MATH = YES;
				SDKROOT = iphoneos;
				SWIFT_COMPILATION_MODE = wholemodule;
				SWIFT_OPTIMIZATION_LEVEL = "-O";
				VALIDATE_PRODUCT = YES;
			};
			name = Release;
		};
		A99022052435C9B10031D162 /* Debug */ = {
			isa = XCBuildConfiguration;
			buildSettings = {
				ASSETCATALOG_COMPILER_APPICON_NAME = AppIcon;
				CODE_SIGN_STYLE = Automatic;
				INFOPLIST_FILE = Reddit/Resources/Info.plist;
				LD_RUNPATH_SEARCH_PATHS = (
					"$(inherited)",
					"@executable_path/Frameworks",
				);
				PRODUCT_BUNDLE_IDENTIFIER = com.huralnyk.Reddit;
				PRODUCT_NAME = "$(TARGET_NAME)";
				SWIFT_VERSION = 5.0;
				TARGETED_DEVICE_FAMILY = "1,2";
			};
			name = Debug;
		};
		A99022062435C9B10031D162 /* Release */ = {
			isa = XCBuildConfiguration;
			buildSettings = {
				ASSETCATALOG_COMPILER_APPICON_NAME = AppIcon;
				CODE_SIGN_STYLE = Automatic;
				INFOPLIST_FILE = Reddit/Resources/Info.plist;
				LD_RUNPATH_SEARCH_PATHS = (
					"$(inherited)",
					"@executable_path/Frameworks",
				);
				PRODUCT_BUNDLE_IDENTIFIER = com.huralnyk.Reddit;
				PRODUCT_NAME = "$(TARGET_NAME)";
				SWIFT_VERSION = 5.0;
				TARGETED_DEVICE_FAMILY = "1,2";
			};
			name = Release;
		};
		A99022082435C9B10031D162 /* Debug */ = {
			isa = XCBuildConfiguration;
			buildSettings = {
				ALWAYS_EMBED_SWIFT_STANDARD_LIBRARIES = YES;
				BUNDLE_LOADER = "$(TEST_HOST)";
				CODE_SIGN_STYLE = Automatic;
				INFOPLIST_FILE = RedditTests/Info.plist;
				IPHONEOS_DEPLOYMENT_TARGET = 13.2;
				LD_RUNPATH_SEARCH_PATHS = (
					"$(inherited)",
					"@executable_path/Frameworks",
					"@loader_path/Frameworks",
				);
				PRODUCT_BUNDLE_IDENTIFIER = com.huralnyk.RedditTests;
				PRODUCT_NAME = "$(TARGET_NAME)";
				SWIFT_VERSION = 5.0;
				TARGETED_DEVICE_FAMILY = "1,2";
				TEST_HOST = "$(BUILT_PRODUCTS_DIR)/Reddit.app/Reddit";
			};
			name = Debug;
		};
		A99022092435C9B10031D162 /* Release */ = {
			isa = XCBuildConfiguration;
			buildSettings = {
				ALWAYS_EMBED_SWIFT_STANDARD_LIBRARIES = YES;
				BUNDLE_LOADER = "$(TEST_HOST)";
				CODE_SIGN_STYLE = Automatic;
				INFOPLIST_FILE = RedditTests/Info.plist;
				IPHONEOS_DEPLOYMENT_TARGET = 13.2;
				LD_RUNPATH_SEARCH_PATHS = (
					"$(inherited)",
					"@executable_path/Frameworks",
					"@loader_path/Frameworks",
				);
				PRODUCT_BUNDLE_IDENTIFIER = com.huralnyk.RedditTests;
				PRODUCT_NAME = "$(TARGET_NAME)";
				SWIFT_VERSION = 5.0;
				TARGETED_DEVICE_FAMILY = "1,2";
				TEST_HOST = "$(BUILT_PRODUCTS_DIR)/Reddit.app/Reddit";
			};
			name = Release;
		};
/* End XCBuildConfiguration section */

/* Begin XCConfigurationList section */
		A99021DD2435C9AE0031D162 /* Build configuration list for PBXProject "Reddit" */ = {
			isa = XCConfigurationList;
			buildConfigurations = (
				A99022022435C9B10031D162 /* Debug */,
				A99022032435C9B10031D162 /* Release */,
			);
			defaultConfigurationIsVisible = 0;
			defaultConfigurationName = Release;
		};
		A99022042435C9B10031D162 /* Build configuration list for PBXNativeTarget "Reddit" */ = {
			isa = XCConfigurationList;
			buildConfigurations = (
				A99022052435C9B10031D162 /* Debug */,
				A99022062435C9B10031D162 /* Release */,
			);
			defaultConfigurationIsVisible = 0;
			defaultConfigurationName = Release;
		};
		A99022072435C9B10031D162 /* Build configuration list for PBXNativeTarget "RedditTests" */ = {
			isa = XCConfigurationList;
			buildConfigurations = (
				A99022082435C9B10031D162 /* Debug */,
				A99022092435C9B10031D162 /* Release */,
			);
			defaultConfigurationIsVisible = 0;
			defaultConfigurationName = Release;
		};
/* End XCConfigurationList section */

/* Begin XCVersionGroup section */
		A99021EE2435C9AF0031D162 /* Reddit.xcdatamodeld */ = {
			isa = XCVersionGroup;
			children = (
				A99021EF2435C9AF0031D162 /* Reddit.xcdatamodel */,
			);
			currentVersion = A99021EF2435C9AF0031D162 /* Reddit.xcdatamodel */;
			path = Reddit.xcdatamodeld;
			sourceTree = "<group>";
			versionGroupType = wrapper.xcdatamodel;
		};
/* End XCVersionGroup section */
	};
	rootObject = A99021DA2435C9AE0031D162 /* Project object */;
}
